
Microsoft Visual Studio Solution File, Format Version 12.00
# Visual Studio Version 17
VisualStudioVersion = 17.11.35312.102
MinimumVisualStudioVersion = 10.0.40219.1
Project("{FAE04EC0-301F-11D3-BF4B-00C04F79EFBC}") = "nectarOS", "nectarOS\nectarOS.csproj", "{1514E5D2-054C-4B87-8987-64CC836FBCCF}"
EndProject
Global
	GlobalSection(SolutionConfigurationPlatforms) = preSolution
		Debug|Any CPU = Debug|Any CPU
		Release|Any CPU = Release|Any CPU
	EndGlobalSection
	GlobalSection(ProjectConfigurationPlatforms) = postSolution
		{1514E5D2-054C-4B87-8987-64CC836FBCCF}.Debug|Any CPU.ActiveCfg = Debug|Any CPU
		{1514E5D2-054C-4B87-8987-64CC836FBCCF}.Debug|Any CPU.Build.0 = Debug|Any CPU
		{1514E5D2-054C-4B87-8987-64CC836FBCCF}.Release|Any CPU.ActiveCfg = Release|Any CPU
		{1514E5D2-054C-4B87-8987-64CC836FBCCF}.Release|Any CPU.Build.0 = Release|Any CPU
	EndGlobalSection
	GlobalSection(SolutionProperties) = preSolution
		HideSolutionNode = FALSE
	EndGlobalSection
	GlobalSection(ExtensibilityGlobals) = postSolution
		SolutionGuid = {15A917BD-18CB-4901-B51C-72590EDACC19}
	EndGlobalSection
EndGlobal
